// !$*UTF8*$!
{
	archiveVersion = 1;
	classes = {
	};
	objectVersion = 48;
	objects = {

/* Begin PBXBuildFile section */
		738550DD5996E91F87F2EA1E /* libPods-Refresh.a in Frameworks */ = {isa = PBXBuildFile; fileRef = 7A52CDA588DCDD3845743F10 /* libPods-Refresh.a */; };
		D109D768204031EF00D3EE41 /* image002.png in Resources */ = {isa = PBXBuildFile; fileRef = D109D763204031EF00D3EE41 /* image002.png */; };
		D109D769204031EF00D3EE41 /* Refresh.mov in Resources */ = {isa = PBXBuildFile; fileRef = D109D764204031EF00D3EE41 /* Refresh.mov */; };
		D109D76A204031EF00D3EE41 /* image003.png in Resources */ = {isa = PBXBuildFile; fileRef = D109D765204031EF00D3EE41 /* image003.png */; };
		D109D76B204031EF00D3EE41 /* image004.png in Resources */ = {isa = PBXBuildFile; fileRef = D109D766204031EF00D3EE41 /* image004.png */; };
		D109D76C204031EF00D3EE41 /* image005.png in Resources */ = {isa = PBXBuildFile; fileRef = D109D767204031EF00D3EE41 /* image005.png */; };
		D1334414203F0CD5005884F1 /* AppDelegate.m in Sources */ = {isa = PBXBuildFile; fileRef = D1334413203F0CD5005884F1 /* AppDelegate.m */; };
		D1334417203F0CD5005884F1 /* ViewController.m in Sources */ = {isa = PBXBuildFile; fileRef = D1334416203F0CD5005884F1 /* ViewController.m */; };
		D133441A203F0CD5005884F1 /* Main.storyboard in Resources */ = {isa = PBXBuildFile; fileRef = D1334418203F0CD5005884F1 /* Main.storyboard */; };
		D133441C203F0CD5005884F1 /* Assets.xcassets in Resources */ = {isa = PBXBuildFile; fileRef = D133441B203F0CD5005884F1 /* Assets.xcassets */; };
		D133441F203F0CD5005884F1 /* LaunchScreen.storyboard in Resources */ = {isa = PBXBuildFile; fileRef = D133441D203F0CD5005884F1 /* LaunchScreen.storyboard */; };
		D1334422203F0CD5005884F1 /* main.m in Sources */ = {isa = PBXBuildFile; fileRef = D1334421203F0CD5005884F1 /* main.m */; };
		D1334429203F0FCC005884F1 /* Podfile in Resources */ = {isa = PBXBuildFile; fileRef = D1334428203F0FCC005884F1 /* Podfile */; };
		D133442B203F1514005884F1 /* README.md in Resources */ = {isa = PBXBuildFile; fileRef = D133442A203F1513005884F1 /* README.md */; };
		D133442F203F1A60005884F1 /* image001.png in Resources */ = {isa = PBXBuildFile; fileRef = D133442D203F1A5F005884F1 /* image001.png */; };
		D1334430203F1A60005884F1 /* Refresh.gif in Resources */ = {isa = PBXBuildFile; fileRef = D133442E203F1A5F005884F1 /* Refresh.gif */; };
/* End PBXBuildFile section */

/* Begin PBXFileReference section */
		33DB113064042C4A3971F0BC /* Pods-Refresh.debug.xcconfig */ = {isa = PBXFileReference; includeInIndex = 1; lastKnownFileType = text.xcconfig; name = "Pods-Refresh.debug.xcconfig"; path = "Pods/Target Support Files/Pods-Refresh/Pods-Refresh.debug.xcconfig"; sourceTree = "<group>"; };
		7A52CDA588DCDD3845743F10 /* libPods-Refresh.a */ = {isa = PBXFileReference; explicitFileType = archive.ar; includeInIndex = 0; path = "libPods-Refresh.a"; sourceTree = BUILT_PRODUCTS_DIR; };
		7EA0FCC9134F1660FAB88E15 /* Pods-Refresh.release.xcconfig */ = {isa = PBXFileReference; includeInIndex = 1; lastKnownFileType = text.xcconfig; name = "Pods-Refresh.release.xcconfig"; path = "Pods/Target Support Files/Pods-Refresh/Pods-Refresh.release.xcconfig"; sourceTree = "<group>"; };
		D109D763204031EF00D3EE41 /* image002.png */ = {isa = PBXFileReference; lastKnownFileType = image.png; path = image002.png; sourceTree = "<group>"; };
		D109D764204031EF00D3EE41 /* Refresh.mov */ = {isa = PBXFileReference; lastKnownFileType = video.quicktime; path = Refresh.mov; sourceTree = "<group>"; };
		D109D765204031EF00D3EE41 /* image003.png */ = {isa = PBXFileReference; lastKnownFileType = image.png; path = image003.png; sourceTree = "<group>"; };
		D109D766204031EF00D3EE41 /* image004.png */ = {isa = PBXFileReference; lastKnownFileType = image.png; path = image004.png; sourceTree = "<group>"; };
		D109D767204031EF00D3EE41 /* image005.png */ = {isa = PBXFileReference; lastKnownFileType = image.png; path = image005.png; sourceTree = "<group>"; };
		D133440F203F0CD5005884F1 /* Refresh.app */ = {isa = PBXFileReference; explicitFileType = wrapper.application; includeInIndex = 0; path = Refresh.app; sourceTree = BUILT_PRODUCTS_DIR; };
		D1334412203F0CD5005884F1 /* AppDelegate.h */ = {isa = PBXFileReference; lastKnownFileType = sourcecode.c.h; path = AppDelegate.h; sourceTree = "<group>"; };
		D1334413203F0CD5005884F1 /* AppDelegate.m */ = {isa = PBXFileReference; lastKnownFileType = sourcecode.c.objc; path = AppDelegate.m; sourceTree = "<group>"; };
		D1334415203F0CD5005884F1 /* ViewController.h */ = {isa = PBXFileReference; lastKnownFileType = sourcecode.c.h; path = ViewController.h; sourceTree = "<group>"; };
		D1334416203F0CD5005884F1 /* ViewController.m */ = {isa = PBXFileReference; lastKnownFileType = sourcecode.c.objc; path = ViewController.m; sourceTree = "<group>"; };
		D1334419203F0CD5005884F1 /* Base */ = {isa = PBXFileReference; lastKnownFileType = file.storyboard; name = Base; path = Base.lproj/Main.storyboard; sourceTree = "<group>"; };
		D133441B203F0CD5005884F1 /* Assets.xcassets */ = {isa = PBXFileReference; lastKnownFileType = folder.assetcatalog; path = Assets.xcassets; sourceTree = "<group>"; };
		D133441E203F0CD5005884F1 /* Base */ = {isa = PBXFileReference; lastKnownFileType = file.storyboard; name = Base; path = Base.lproj/LaunchScreen.storyboard; sourceTree = "<group>"; };
		D1334420203F0CD5005884F1 /* Info.plist */ = {isa = PBXFileReference; lastKnownFileType = text.plist.xml; path = Info.plist; sourceTree = "<group>"; };
		D1334421203F0CD5005884F1 /* main.m */ = {isa = PBXFileReference; lastKnownFileType = sourcecode.c.objc; path = main.m; sourceTree = "<group>"; };
		D1334428203F0FCC005884F1 /* Podfile */ = {isa = PBXFileReference; fileEncoding = 4; lastKnownFileType = text; path = Podfile; sourceTree = SOURCE_ROOT; };
		D133442A203F1513005884F1 /* README.md */ = {isa = PBXFileReference; fileEncoding = 4; lastKnownFileType = net.daringfireball.markdown; path = README.md; sourceTree = SOURCE_ROOT; };
		D133442D203F1A5F005884F1 /* image001.png */ = {isa = PBXFileReference; lastKnownFileType = image.png; path = image001.png; sourceTree = "<group>"; };
		D133442E203F1A5F005884F1 /* Refresh.gif */ = {isa = PBXFileReference; lastKnownFileType = image.gif; path = Refresh.gif; sourceTree = "<group>"; };
/* End PBXFileReference section */

/* Begin PBXFrameworksBuildPhase section */
		D133440C203F0CD5005884F1 /* Frameworks */ = {
			isa = PBXFrameworksBuildPhase;
			buildActionMask = 2147483647;
			files = (
				738550DD5996E91F87F2EA1E /* libPods-Refresh.a in Frameworks */,
			);
			runOnlyForDeploymentPostprocessing = 0;
		};
/* End PBXFrameworksBuildPhase section */

/* Begin PBXGroup section */
		767FF32D163F04B470175517 /* Pods */ = {
			isa = PBXGroup;
			children = (
				33DB113064042C4A3971F0BC /* Pods-Refresh.debug.xcconfig */,
				7EA0FCC9134F1660FAB88E15 /* Pods-Refresh.release.xcconfig */,
			);
			name = Pods;
			sourceTree = "<group>";
		};
		CF94B8E8AFBA4B7365241C75 /* Frameworks */ = {
			isa = PBXGroup;
			children = (
				7A52CDA588DCDD3845743F10 /* libPods-Refresh.a */,
			);
			name = Frameworks;
			sourceTree = "<group>";
		};
		D1334406203F0CD5005884F1 = {
			isa = PBXGroup;
			children = (
				D1334411203F0CD5005884F1 /* Refresh */,
				D1334410203F0CD5005884F1 /* Products */,
				767FF32D163F04B470175517 /* Pods */,
				CF94B8E8AFBA4B7365241C75 /* Frameworks */,
			);
			sourceTree = "<group>";
		};
		D1334410203F0CD5005884F1 /* Products */ = {
			isa = PBXGroup;
			children = (
				D133440F203F0CD5005884F1 /* Refresh.app */,
			);
			name = Products;
			sourceTree = "<group>";
		};
		D1334411203F0CD5005884F1 /* Refresh */ = {
			isa = PBXGroup;
			children = (
				D133442C203F1566005884F1 /* Images */,
				D133442A203F1513005884F1 /* README.md */,
				D1334428203F0FCC005884F1 /* Podfile */,
				D1334412203F0CD5005884F1 /* AppDelegate.h */,
				D1334413203F0CD5005884F1 /* AppDelegate.m */,
				D1334415203F0CD5005884F1 /* ViewController.h */,
				D1334416203F0CD5005884F1 /* ViewController.m */,
				D1334418203F0CD5005884F1 /* Main.storyboard */,
				D133441B203F0CD5005884F1 /* Assets.xcassets */,
				D133441D203F0CD5005884F1 /* LaunchScreen.storyboard */,
				D1334420203F0CD5005884F1 /* Info.plist */,
				D1334421203F0CD5005884F1 /* main.m */,
			);
			path = Refresh;
			sourceTree = "<group>";
		};
		D133442C203F1566005884F1 /* Images */ = {
			isa = PBXGroup;
			children = (
				D109D763204031EF00D3EE41 /* image002.png */,
				D109D765204031EF00D3EE41 /* image003.png */,
				D109D766204031EF00D3EE41 /* image004.png */,
				D109D767204031EF00D3EE41 /* image005.png */,
				D109D764204031EF00D3EE41 /* Refresh.mov */,
				D133442D203F1A5F005884F1 /* image001.png */,
				D133442E203F1A5F005884F1 /* Refresh.gif */,
			);
			path = Images;
			sourceTree = SOURCE_ROOT;
		};
/* End PBXGroup section */

/* Begin PBXNativeTarget section */
		D133440E203F0CD5005884F1 /* Refresh */ = {
			isa = PBXNativeTarget;
			buildConfigurationList = D1334425203F0CD5005884F1 /* Build configuration list for PBXNativeTarget "Refresh" */;
			buildPhases = (
				EDE2DFD76E1632AB7F008645 /* [CP] Check Pods Manifest.lock */,
				D133440B203F0CD5005884F1 /* Sources */,
				D133440C203F0CD5005884F1 /* Frameworks */,
				D133440D203F0CD5005884F1 /* Resources */,
				B76458A3DF126230E95F183C /* [CP] Embed Pods Frameworks */,
				73F12C567F6BB56D3065183C /* [CP] Copy Pods Resources */,
			);
			buildRules = (
			);
			dependencies = (
			);
			name = Refresh;
			productName = Refresh;
			productReference = D133440F203F0CD5005884F1 /* Refresh.app */;
			productType = "com.apple.product-type.application";
		};
/* End PBXNativeTarget section */

/* Begin PBXProject section */
		D1334407203F0CD5005884F1 /* Project object */ = {
			isa = PBXProject;
			attributes = {
				LastUpgradeCheck = 0920;
				ORGANIZATIONNAME = Copanonga;
				TargetAttributes = {
					D133440E203F0CD5005884F1 = {
						CreatedOnToolsVersion = 9.2;
						ProvisioningStyle = Automatic;
					};
				};
			};
			buildConfigurationList = D133440A203F0CD5005884F1 /* Build configuration list for PBXProject "Refresh" */;
			compatibilityVersion = "Xcode 8.0";
			developmentRegion = en;
			hasScannedForEncodings = 0;
			knownRegions = (
				en,
				Base,
			);
			mainGroup = D1334406203F0CD5005884F1;
			productRefGroup = D1334410203F0CD5005884F1 /* Products */;
			projectDirPath = "";
			projectRoot = "";
			targets = (
				D133440E203F0CD5005884F1 /* Refresh */,
			);
		};
/* End PBXProject section */

/* Begin PBXResourcesBuildPhase section */
		D133440D203F0CD5005884F1 /* Resources */ = {
			isa = PBXResourcesBuildPhase;
			buildActionMask = 2147483647;
			files = (
				D133441F203F0CD5005884F1 /* LaunchScreen.storyboard in Resources */,
				D133441C203F0CD5005884F1 /* Assets.xcassets in Resources */,
				D133442B203F1514005884F1 /* README.md in Resources */,
				D109D76C204031EF00D3EE41 /* image005.png in Resources */,
				D109D769204031EF00D3EE41 /* Refresh.mov in Resources */,
				D109D76B204031EF00D3EE41 /* image004.png in Resources */,
				D1334430203F1A60005884F1 /* Refresh.gif in Resources */,
				D109D768204031EF00D3EE41 /* image002.png in Resources */,
				D133442F203F1A60005884F1 /* image001.png in Resources */,
				D109D76A204031EF00D3EE41 /* image003.png in Resources */,
				D1334429203F0FCC005884F1 /* Podfile in Resources */,
				D133441A203F0CD5005884F1 /* Main.storyboard in Resources */,
			);
			runOnlyForDeploymentPostprocessing = 0;
		};
/* End PBXResourcesBuildPhase section */

/* Begin PBXShellScriptBuildPhase section */
		73F12C567F6BB56D3065183C /* [CP] Copy Pods Resources */ = {
			isa = PBXShellScriptBuildPhase;
			buildActionMask = 2147483647;
			files = (
			);
			inputPaths = (
				"${SRCROOT}/Pods/Target Support Files/Pods-Refresh/Pods-Refresh-resources.sh",
				"${PODS_ROOT}/MJRefresh/MJRefresh/MJRefresh.bundle",
			);
			name = "[CP] Copy Pods Resources";
			outputPaths = (
				"${TARGET_BUILD_DIR}/${UNLOCALIZED_RESOURCES_FOLDER_PATH}",
			);
			runOnlyForDeploymentPostprocessing = 0;
			shellPath = /bin/sh;
			shellScript = "\"${SRCROOT}/Pods/Target Support Files/Pods-Refresh/Pods-Refresh-resources.sh\"\n";
			showEnvVarsInLog = 0;
		};
		B76458A3DF126230E95F183C /* [CP] Embed Pods Frameworks */ = {
			isa = PBXShellScriptBuildPhase;
			buildActionMask = 2147483647;
			files = (
			);
			inputPaths = (
			);
			name = "[CP] Embed Pods Frameworks";
			outputPaths = (
			);
			runOnlyForDeploymentPostprocessing = 0;
			shellPath = /bin/sh;
			shellScript = "\"${SRCROOT}/Pods/Target Support Files/Pods-Refresh/Pods-Refresh-frameworks.sh\"\n";
			showEnvVarsInLog = 0;
		};
		EDE2DFD76E1632AB7F008645 /* [CP] Check Pods Manifest.lock */ = {
			isa = PBXShellScriptBuildPhase;
			buildActionMask = 2147483647;
			files = (
			);
			inputPaths = (
				"${PODS_PODFILE_DIR_PATH}/Podfile.lock",
				"${PODS_ROOT}/Manifest.lock",
			);
			name = "[CP] Check Pods Manifest.lock";
			outputPaths = (
				"$(DERIVED_FILE_DIR)/Pods-Refresh-checkManifestLockResult.txt",
			);
			runOnlyForDeploymentPostprocessing = 0;
			shellPath = /bin/sh;
			shellScript = "diff \"${PODS_PODFILE_DIR_PATH}/Podfile.lock\" \"${PODS_ROOT}/Manifest.lock\" > /dev/null\nif [ $? != 0 ] ; then\n    # print error to STDERR\n    echo \"error: The sandbox is not in sync with the Podfile.lock. Run 'pod install' or update your CocoaPods installation.\" >&2\n    exit 1\nfi\n# This output is used by Xcode 'outputs' to avoid re-running this script phase.\necho \"SUCCESS\" > \"${SCRIPT_OUTPUT_FILE_0}\"\n";
			showEnvVarsInLog = 0;
		};
/* End PBXShellScriptBuildPhase section */

/* Begin PBXSourcesBuildPhase section */
		D133440B203F0CD5005884F1 /* Sources */ = {
			isa = PBXSourcesBuildPhase;
			buildActionMask = 2147483647;
			files = (
				D1334417203F0CD5005884F1 /* ViewController.m in Sources */,
				D1334422203F0CD5005884F1 /* main.m in Sources */,
				D1334414203F0CD5005884F1 /* AppDelegate.m in Sources */,
			);
			runOnlyForDeploymentPostprocessing = 0;
		};
/* End PBXSourcesBuildPhase section */

/* Begin PBXVariantGroup section */
		D1334418203F0CD5005884F1 /* Main.storyboard */ = {
			isa = PBXVariantGroup;
			children = (
				D1334419203F0CD5005884F1 /* Base */,
			);
			name = Main.storyboard;
			sourceTree = "<group>";
		};
		D133441D203F0CD5005884F1 /* LaunchScreen.storyboard */ = {
			isa = PBXVariantGroup;
			children = (
				D133441E203F0CD5005884F1 /* Base */,
			);
			name = LaunchScreen.storyboard;
			sourceTree = "<group>";
		};
/* End PBXVariantGroup section */

/* Begin XCBuildConfiguration section */
		D1334423203F0CD5005884F1 /* Debug */ = {
			isa = XCBuildConfiguration;
			buildSettings = {
				ALWAYS_SEARCH_USER_PATHS = NO;
				CLANG_ANALYZER_NONNULL = YES;
				CLANG_ANALYZER_NUMBER_OBJECT_CONVERSION = YES_AGGRESSIVE;
				CLANG_CXX_LANGUAGE_STANDARD = "gnu++14";
				CLANG_CXX_LIBRARY = "libc++";
				CLANG_ENABLE_MODULES = YES;
				CLANG_ENABLE_OBJC_ARC = YES;
				CLANG_WARN_BLOCK_CAPTURE_AUTORELEASING = YES;
				CLANG_WARN_BOOL_CONVERSION = YES;
				CLANG_WARN_COMMA = YES;
				CLANG_WARN_CONSTANT_CONVERSION = YES;
				CLANG_WARN_DIRECT_OBJC_ISA_USAGE = YES_ERROR;
				CLANG_WARN_DOCUMENTATION_COMMENTS = YES;
				CLANG_WARN_EMPTY_BODY = YES;
				CLANG_WARN_ENUM_CONVERSION = YES;
				CLANG_WARN_INFINITE_RECURSION = YES;
				CLANG_WARN_INT_CONVERSION = YES;
				CLANG_WARN_NON_LITERAL_NULL_CONVERSION = YES;
				CLANG_WARN_OBJC_LITERAL_CONVERSION = YES;
				CLANG_WARN_OBJC_ROOT_CLASS = YES_ERROR;
				CLANG_WARN_RANGE_LOOP_ANALYSIS = YES;
				CLANG_WARN_STRICT_PROTOTYPES = YES;
				CLANG_WARN_SUSPICIOUS_MOVE = YES;
				CLANG_WARN_UNGUARDED_AVAILABILITY = YES_AGGRESSIVE;
				CLANG_WARN_UNREACHABLE_CODE = YES;
				CLANG_WARN__DUPLICATE_METHOD_MATCH = YES;
				CODE_SIGN_IDENTITY = "iPhone Developer";
				COPY_PHASE_STRIP = NO;
				DEBUG_INFORMATION_FORMAT = dwarf;
				ENABLE_STRICT_OBJC_MSGSEND = YES;
				ENABLE_TESTABILITY = YES;
				GCC_C_LANGUAGE_STANDARD = gnu11;
				GCC_DYNAMIC_NO_PIC = NO;
				GCC_NO_COMMON_BLOCKS = YES;
				GCC_OPTIMIZATION_LEVEL = 0;
				GCC_PREPROCESSOR_DEFINITIONS = (
					"DEBUG=1",
					"$(inherited)",
				);
				GCC_WARN_64_TO_32_BIT_CONVERSION = YES;
				GCC_WARN_ABOUT_RETURN_TYPE = YES_ERROR;
				GCC_WARN_UNDECLARED_SELECTOR = YES;
				GCC_WARN_UNINITIALIZED_AUTOS = YES_AGGRESSIVE;
				GCC_WARN_UNUSED_FUNCTION = YES;
				GCC_WARN_UNUSED_VARIABLE = YES;
				IPHONEOS_DEPLOYMENT_TARGET = 11.2;
				MTL_ENABLE_DEBUG_INFO = YES;
				ONLY_ACTIVE_ARCH = YES;
				SDKROOT = iphoneos;
			};
			name = Debug;
		};
		D1334424203F0CD5005884F1 /* Release */ = {
			isa = XCBuildConfiguration;
			buildSettings = {
				ALWAYS_SEARCH_USER_PATHS = NO;
				CLANG_ANALYZER_NONNULL = YES;
				CLANG_ANALYZER_NUMBER_OBJECT_CONVERSION = YES_AGGRESSIVE;
				CLANG_CXX_LANGUAGE_STANDARD = "gnu++14";
				CLANG_CXX_LIBRARY = "libc++";
				CLANG_ENABLE_MODULES = YES;
				CLANG_ENABLE_OBJC_ARC = YES;
				CLANG_WARN_BLOCK_CAPTURE_AUTORELEASING = YES;
				CLANG_WARN_BOOL_CONVERSION = YES;
				CLANG_WARN_COMMA = YES;
				CLANG_WARN_CONSTANT_CONVERSION = YES;
				CLANG_WARN_DIRECT_OBJC_ISA_USAGE = YES_ERROR;
				CLANG_WARN_DOCUMENTATION_COMMENTS = YES;
				CLANG_WARN_EMPTY_BODY = YES;
				CLANG_WARN_ENUM_CONVERSION = YES;
				CLANG_WARN_INFINITE_RECURSION = YES;
				CLANG_WARN_INT_CONVERSION = YES;
				CLANG_WARN_NON_LITERAL_NULL_CONVERSION = YES;
				CLANG_WARN_OBJC_LITERAL_CONVERSION = YES;
				CLANG_WARN_OBJC_ROOT_CLASS = YES_ERROR;
				CLANG_WARN_RANGE_LOOP_ANALYSIS = YES;
				CLANG_WARN_STRICT_PROTOTYPES = YES;
				CLANG_WARN_SUSPICIOUS_MOVE = YES;
				CLANG_WARN_UNGUARDED_AVAILABILITY = YES_AGGRESSIVE;
				CLANG_WARN_UNREACHABLE_CODE = YES;
				CLANG_WARN__DUPLICATE_METHOD_MATCH = YES;
				CODE_SIGN_IDENTITY = "iPhone Developer";
				COPY_PHASE_STRIP = NO;
				DEBUG_INFORMATION_FORMAT = "dwarf-with-dsym";
				ENABLE_NS_ASSERTIONS = NO;
				ENABLE_STRICT_OBJC_MSGSEND = YES;
				GCC_C_LANGUAGE_STANDARD = gnu11;
				GCC_NO_COMMON_BLOCKS = YES;
				GCC_WARN_64_TO_32_BIT_CONVERSION = YES;
				GCC_WARN_ABOUT_RETURN_TYPE = YES_ERROR;
				GCC_WARN_UNDECLARED_SELECTOR = YES;
				GCC_WARN_UNINITIALIZED_AUTOS = YES_AGGRESSIVE;
				GCC_WARN_UNUSED_FUNCTION = YES;
				GCC_WARN_UNUSED_VARIABLE = YES;
				IPHONEOS_DEPLOYMENT_TARGET = 11.2;
				MTL_ENABLE_DEBUG_INFO = NO;
				SDKROOT = iphoneos;
				VALIDATE_PRODUCT = YES;
			};
			name = Release;
		};
		D1334426203F0CD5005884F1 /* Debug */ = {
			isa = XCBuildConfiguration;
			baseConfigurationReference = 33DB113064042C4A3971F0BC /* Pods-Refresh.debug.xcconfig */;
			buildSettings = {
				ASSETCATALOG_COMPILER_APPICON_NAME = AppIcon;
				CODE_SIGN_STYLE = Automatic;
				INFOPLIST_FILE = Refresh/Info.plist;
				LD_RUNPATH_SEARCH_PATHS = "$(inherited) @executable_path/Frameworks";
				PRODUCT_BUNDLE_IDENTIFIER = com.copanonga.Refresh;
				PRODUCT_NAME = "$(TARGET_NAME)";
				TARGETED_DEVICE_FAMILY = "1,2";
			};
			name = Debug;
		};
		D1334427203F0CD5005884F1 /* Release */ = {
			isa = XCBuildConfiguration;
			baseConfigurationReference = 7EA0FCC9134F1660FAB88E15 /* Pods-Refresh.release.xcconfig */;
			buildSettings = {
				ASSETCATALOG_COMPILER_APPICON_NAME = AppIcon;
				CODE_SIGN_STYLE = Automatic;
				INFOPLIST_FILE = Refresh/Info.plist;
				LD_RUNPATH_SEARCH_PATHS = "$(inherited) @executable_path/Frameworks";
				PRODUCT_BUNDLE_IDENTIFIER = com.copanonga.Refresh;
				PRODUCT_NAME = "$(TARGET_NAME)";
				TARGETED_DEVICE_FAMILY = "1,2";
			};
			name = Release;
		};
/* End XCBuildConfiguration section */

/* Begin XCConfigurationList section */
		D133440A203F0CD5005884F1 /* Build configuration list for PBXProject "Refresh" */ = {
			isa = XCConfigurationList;
			buildConfigurations = (
				D1334423203F0CD5005884F1 /* Debug */,
				D1334424203F0CD5005884F1 /* Release */,
			);
			defaultConfigurationIsVisible = 0;
			defaultConfigurationName = Release;
		};
		D1334425203F0CD5005884F1 /* Build configuration list for PBXNativeTarget "Refresh" */ = {
			isa = XCConfigurationList;
			buildConfigurations = (
				D1334426203F0CD5005884F1 /* Debug */,
				D1334427203F0CD5005884F1 /* Release */,
			);
			defaultConfigurationIsVisible = 0;
			defaultConfigurationName = Release;
		};
/* End XCConfigurationList section */
	};
	rootObject = D1334407203F0CD5005884F1 /* Project object */;
}
